<Solution>
  <Project Path="Task01-ProjectSetupVariables/Task01-ProjectSetupVariables.csproj" />
  <Project Path="Task02-BooleanLogicArrays/Task02-BooleanLogicArrays.csproj" />
  <Project Path="Task03-ExpressionsTypeConversion/Task03-ExpressionsTypeConversion.csproj" />
  <Project Path="Task04-OOPFundamentals/Task04-OOPFundamentals.csproj" />
  <Project Path="Task05-DelegatesEvents/Task05-DelegatesEvents.csproj" />
  <Project Path="Task06-OperatorOverloadingFinalizer/Task06-OperatorOverloadingFinalizer.csproj" Id="3a23128a-3643-48d0-8520-6d69261e2606" />
  <Project Path="Task07-NestedTypes&amp;Debugging/Task07-NestedTypes&amp;Debugging.csproj" Id="dcbf9329-42f7-4515-b0f9-77c0fcf103cf" />
  <Project Path="Task08-Struct&amp;Enum/Task08-Struct&amp;Enum.csproj" Id="3f3bdd47-1e20-40e2-afd9-6c53e669611b" />
  <Project Path="Task09-InheritanceInterfaces/Task09-InheritanceInterfaces.csproj" Id="ddb55935-b1ff-45cd-94cc-858434578250" />
  <Project Path="Task10-GenericsGenericDelegates/Task10-GenericsGenericDelegates.csproj" Id="2acb76cd-ece1-4532-a9d1-dc4d24b53fb1" />
  <Project Path="Task11-ExceptionHandling/Task11-ExceptionHandling.csproj" Id="ffc762d7-dba2-4509-8a16-c7eda72eb439" />
  <Project Path="Task12-EnumeratorsIterators/Task12-EnumeratorsIterators.csproj" Id="044e7195-068c-4f55-b164-869df8f7de34" />
  <Project Path="Task13-XmlDocsExtensionMethods/Task13-XmlDocsExtensionMethods.csproj" Id="225839c7-74fc-4cf1-954e-edf9b33611ab" />
</Solution>
